
Microsoft Visual Studio Solution File, Format Version 12.00
# Visual Studio Version 17
VisualStudioVersion = 17.11.35222.181
MinimumVisualStudioVersion = 10.0.40219.1
Project("{9A19103F-16F7-4668-BE54-9A1E7A4F7556}") = "Tyuiu.SaigafarovBI.Sprint4.Task0.V10", "Tyuiu.SaigafarovBI.Sprint4.Task0.V10\Tyuiu.SaigafarovBI.Sprint4.Task0.V10.csproj", "{6E81B428-12DD-4E7C-A791-AD939E05E68F}"
EndProject
Project("{9A19103F-16F7-4668-BE54-9A1E7A4F7556}") = "Tyuiu.SaigafarovBI.Sprint4.Task0.V10.Lib", "Tyuiu.SaigafarovBI.Sprint4.Task0.V10.Lib\Tyuiu.SaigafarovBI.Sprint4.Task0.V10.Lib.csproj", "{7E433BCD-F0AA-413C-89FD-9DC1A346F4D4}"
EndProject
Project("{9A19103F-16F7-4668-BE54-9A1E7A4F7556}") = "Tyuiu.SaigafarovBI.Sprint4.Task0.V10.Test", "Tyuiu.SaigafarovBI.Sprint4.Task0.V10.Test\Tyuiu.SaigafarovBI.Sprint4.Task0.V10.Test.csproj", "{FABF6339-C094-47C6-B74D-4411884DC5FD}"
EndProject
Project("{2150E333-8FDC-42A3-9474-1A3956D46DE8}") = "Task0", "Task0", "{8AB6F966-E7F0-4A42-9EBA-A4FBAB570CB1}"
EndProject
Project("{2150E333-8FDC-42A3-9474-1A3956D46DE8}") = "Task1", "Task1", "{8820CB67-E099-4835-8317-02D57453CEC3}"
EndProject
Project("{9A19103F-16F7-4668-BE54-9A1E7A4F7556}") = "Tyuiu.SaigafarovBI.Sprint4.Task1.V11", "Tyuiu.SaigafarovBI.Sprint4.Task1.V11\Tyuiu.SaigafarovBI.Sprint4.Task1.V11.csproj", "{3904A51A-8C42-4A46-8F52-C04A07CD4561}"
EndProject
Project("{9A19103F-16F7-4668-BE54-9A1E7A4F7556}") = "Tyuiu.SaigafarovBI.Sprint4.Task1.V11.Lib", "Tyuiu.SaigafarovBI.Sprint4.Task1.V11.Lib\Tyuiu.SaigafarovBI.Sprint4.Task1.V11.Lib.csproj", "{0A4E0FF0-47B3-443F-8FB0-BE5370DDA4FD}"
EndProject
Project("{9A19103F-16F7-4668-BE54-9A1E7A4F7556}") = "Tyuiu.SaigafarovBI.Sprint4.Task1.V11.Test", "Tyuiu.SaigafarovBI.Sprint4.Task1.V11.Test\Tyuiu.SaigafarovBI.Sprint4.Task1.V11.Test.csproj", "{FCF876D1-F2D8-42F3-9D1B-66A20277E279}"
EndProject
Project("{2150E333-8FDC-42A3-9474-1A3956D46DE8}") = "Task2", "Task2", "{4F8779E3-2BEB-4EBE-9CAD-772046AA1F91}"
EndProject
Project("{9A19103F-16F7-4668-BE54-9A1E7A4F7556}") = "Tyuiu.SaigafarovBI.Sprint4.Task2.V17", "Tyuiu.SaigafarovBI.Sprint4.Task2.V17\Tyuiu.SaigafarovBI.Sprint4.Task2.V17.csproj", "{1BF41711-45CC-4B5D-B428-D9D753E29300}"
EndProject
Project("{9A19103F-16F7-4668-BE54-9A1E7A4F7556}") = "Tyuiu.SaigafarovBI.Sprint4.Task2.V17.Lib", "Tyuiu.SaigafarovBI.Sprint4.Task2.V17.Lib\Tyuiu.SaigafarovBI.Sprint4.Task2.V17.Lib.csproj", "{F1359AA7-09DE-4754-83AD-EB029338A53A}"
EndProject
Project("{9A19103F-16F7-4668-BE54-9A1E7A4F7556}") = "Tyuiu.SaigafarovBI.Sprint4.Task2.V17.Test", "Tyuiu.SaigafarovBI.Sprint4.Task2.V17.Test\Tyuiu.SaigafarovBI.Sprint4.Task2.V17.Test.csproj", "{74A766C2-04DA-404C-8E52-3820DE52EB68}"
EndProject
Project("{2150E333-8FDC-42A3-9474-1A3956D46DE8}") = "Task3", "Task3", "{E91F5C9E-63B2-4B9B-A6AD-EFE03831DABD}"
EndProject
Project("{9A19103F-16F7-4668-BE54-9A1E7A4F7556}") = "Tyuiu.SaigafarovBI.Sprint4.Task3.V30", "Tyuiu.SaigafarovBI.Sprint4.Task3.V30\Tyuiu.SaigafarovBI.Sprint4.Task3.V30.csproj", "{8009095D-C364-493C-91B2-5EF55D0F932B}"
EndProject
Project("{9A19103F-16F7-4668-BE54-9A1E7A4F7556}") = "Tyuiu.SaigafarovBI.Sprint4.Task3.V30.Lib", "Tyuiu.SaigafarovBI.Sprint4.Task3.V30.Lib\Tyuiu.SaigafarovBI.Sprint4.Task3.V30.Lib.csproj", "{0860E911-7990-42A1-B8E6-0646C8A7ECAC}"
EndProject
Project("{9A19103F-16F7-4668-BE54-9A1E7A4F7556}") = "Tyuiu.SaigafarovBI.Sprint4.Task3.V30.Test", "Tyuiu.SaigafarovBI.Sprint4.Task3.V30.Test\Tyuiu.SaigafarovBI.Sprint4.Task3.V30.Test.csproj", "{C6F5DA11-5B71-4921-9D3B-E8D798695893}"
EndProject
Project("{2150E333-8FDC-42A3-9474-1A3956D46DE8}") = "Task4", "Task4", "{670FD3B8-626E-4825-80FC-D5F63EA5B28D}"
EndProject
Project("{9A19103F-16F7-4668-BE54-9A1E7A4F7556}") = "Tyuiu.SaigafarovBI.Sprint4.Task4.V5", "Tyuiu.SaigafarovBI.Sprint4.Task4.V5\Tyuiu.SaigafarovBI.Sprint4.Task4.V5.csproj", "{F65859E4-D919-4368-9D44-971AF390B45A}"
EndProject
Project("{9A19103F-16F7-4668-BE54-9A1E7A4F7556}") = "Tyuiu.SaigafarovBI.Sprint4.Task4.V5.Lib", "Tyuiu.SaigafarovBI.Sprint4.Task4.V5.Lib\Tyuiu.SaigafarovBI.Sprint4.Task4.V5.Lib.csproj", "{838C8BA3-D441-49F7-844B-E86156614344}"
EndProject
Project("{9A19103F-16F7-4668-BE54-9A1E7A4F7556}") = "Tyuiu.SaigafarovBI.Sprint4.Task4.V5.Test", "Tyuiu.SaigafarovBI.Sprint4.Task4.V5.Test\Tyuiu.SaigafarovBI.Sprint4.Task4.V5.Test.csproj", "{ADAAD959-5E62-45E3-AFDE-E836C73CCE3E}"
EndProject
Project("{2150E333-8FDC-42A3-9474-1A3956D46DE8}") = "Task5", "Task5", "{75BC7048-AAD3-4B3D-8A2A-57CA7870AB0A}"
EndProject
Project("{9A19103F-16F7-4668-BE54-9A1E7A4F7556}") = "Tyuiu.SaigafarovBI.Sprint4.Task5.V8", "Tyuiu.SaigafarovBI.Sprint4.Task5.V8\Tyuiu.SaigafarovBI.Sprint4.Task5.V8.csproj", "{5FBBCCFA-0750-4A56-8B89-22D6641D6366}"
EndProject
Project("{9A19103F-16F7-4668-BE54-9A1E7A4F7556}") = "Tyuiu.SaigafarovBI.Sprint4.Task5.V8.Lib", "Tyuiu.SaigafarovBI.Sprint4.Task5.V8.Lib\Tyuiu.SaigafarovBI.Sprint4.Task5.V8.Lib.csproj", "{E4E8E474-E647-450B-8605-C27D064683B8}"
EndProject
Project("{9A19103F-16F7-4668-BE54-9A1E7A4F7556}") = "Tyuiu.SaigafarovBI.Sprint4.Task5.V8.Test", "Tyuiu.SaigafarovBI.Sprint4.Task5.V8.Test\Tyuiu.SaigafarovBI.Sprint4.Task5.V8.Test.csproj", "{B00B56ED-DC39-4980-9C18-3667511F41CE}"
EndProject
Project("{2150E333-8FDC-42A3-9474-1A3956D46DE8}") = "Task6", "Task6", "{EA189E9F-FED1-4BA6-AAC7-5F53DA08D478}"
EndProject
Project("{FAE04EC0-301F-11D3-BF4B-00C04F79EFBC}") = "Tyuiu.SaigafarovBI.Sprint4.Task6.V23", "Tyuiu.SaigafarovBI.Sprint4.Task6.V23\Tyuiu.SaigafarovBI.Sprint4.Task6.V23.csproj", "{CE50321F-BB00-4418-886A-0E34F5A680F9}"
EndProject
Project("{FAE04EC0-301F-11D3-BF4B-00C04F79EFBC}") = "Tyuiu.SaigafarovBI.Sprint4.Task6.V23.Lib", "Tyuiu.SaigafarovBI.Sprint4.Task6.V23.Lib\Tyuiu.SaigafarovBI.Sprint4.Task6.V23.Lib.csproj", "{6AFF6B4A-0A46-418E-A921-011066331B19}"
EndProject
Project("{FAE04EC0-301F-11D3-BF4B-00C04F79EFBC}") = "Tyuiu.SaigafarovBI.Sprint4.Task6.V23.Test", "Tyuiu.SaigafarovBI.Sprint4.Task6.V23.Test\Tyuiu.SaigafarovBI.Sprint4.Task6.V23.Test.csproj", "{E4CF80A7-5152-439F-8B82-9097B1793AD3}"
EndProject
Global
	GlobalSection(SolutionConfigurationPlatforms) = preSolution
		Debug|Any CPU = Debug|Any CPU
		Release|Any CPU = Release|Any CPU
	EndGlobalSection
	GlobalSection(ProjectConfigurationPlatforms) = postSolution
		{6E81B428-12DD-4E7C-A791-AD939E05E68F}.Debug|Any CPU.ActiveCfg = Debug|Any CPU
		{6E81B428-12DD-4E7C-A791-AD939E05E68F}.Debug|Any CPU.Build.0 = Debug|Any CPU
		{6E81B428-12DD-4E7C-A791-AD939E05E68F}.Release|Any CPU.ActiveCfg = Release|Any CPU
		{6E81B428-12DD-4E7C-A791-AD939E05E68F}.Release|Any CPU.Build.0 = Release|Any CPU
		{7E433BCD-F0AA-413C-89FD-9DC1A346F4D4}.Debug|Any CPU.ActiveCfg = Debug|Any CPU
		{7E433BCD-F0AA-413C-89FD-9DC1A346F4D4}.Debug|Any CPU.Build.0 = Debug|Any CPU
		{7E433BCD-F0AA-413C-89FD-9DC1A346F4D4}.Release|Any CPU.ActiveCfg = Release|Any CPU
		{7E433BCD-F0AA-413C-89FD-9DC1A346F4D4}.Release|Any CPU.Build.0 = Release|Any CPU
		{FABF6339-C094-47C6-B74D-4411884DC5FD}.Debug|Any CPU.ActiveCfg = Debug|Any CPU
		{FABF6339-C094-47C6-B74D-4411884DC5FD}.Debug|Any CPU.Build.0 = Debug|Any CPU
		{FABF6339-C094-47C6-B74D-4411884DC5FD}.Release|Any CPU.ActiveCfg = Release|Any CPU
		{FABF6339-C094-47C6-B74D-4411884DC5FD}.Release|Any CPU.Build.0 = Release|Any CPU
		{3904A51A-8C42-4A46-8F52-C04A07CD4561}.Debug|Any CPU.ActiveCfg = Debug|Any CPU
		{3904A51A-8C42-4A46-8F52-C04A07CD4561}.Debug|Any CPU.Build.0 = Debug|Any CPU
		{3904A51A-8C42-4A46-8F52-C04A07CD4561}.Release|Any CPU.ActiveCfg = Release|Any CPU
		{3904A51A-8C42-4A46-8F52-C04A07CD4561}.Release|Any CPU.Build.0 = Release|Any CPU
		{0A4E0FF0-47B3-443F-8FB0-BE5370DDA4FD}.Debug|Any CPU.ActiveCfg = Debug|Any CPU
		{0A4E0FF0-47B3-443F-8FB0-BE5370DDA4FD}.Debug|Any CPU.Build.0 = Debug|Any CPU
		{0A4E0FF0-47B3-443F-8FB0-BE5370DDA4FD}.Release|Any CPU.ActiveCfg = Release|Any CPU
		{0A4E0FF0-47B3-443F-8FB0-BE5370DDA4FD}.Release|Any CPU.Build.0 = Release|Any CPU
		{FCF876D1-F2D8-42F3-9D1B-66A20277E279}.Debug|Any CPU.ActiveCfg = Debug|Any CPU
		{FCF876D1-F2D8-42F3-9D1B-66A20277E279}.Debug|Any CPU.Build.0 = Debug|Any CPU
		{FCF876D1-F2D8-42F3-9D1B-66A20277E279}.Release|Any CPU.ActiveCfg = Release|Any CPU
		{FCF876D1-F2D8-42F3-9D1B-66A20277E279}.Release|Any CPU.Build.0 = Release|Any CPU
		{1BF41711-45CC-4B5D-B428-D9D753E29300}.Debug|Any CPU.ActiveCfg = Debug|Any CPU
		{1BF41711-45CC-4B5D-B428-D9D753E29300}.Debug|Any CPU.Build.0 = Debug|Any CPU
		{1BF41711-45CC-4B5D-B428-D9D753E29300}.Release|Any CPU.ActiveCfg = Release|Any CPU
		{1BF41711-45CC-4B5D-B428-D9D753E29300}.Release|Any CPU.Build.0 = Release|Any CPU
		{F1359AA7-09DE-4754-83AD-EB029338A53A}.Debug|Any CPU.ActiveCfg = Debug|Any CPU
		{F1359AA7-09DE-4754-83AD-EB029338A53A}.Debug|Any CPU.Build.0 = Debug|Any CPU
		{F1359AA7-09DE-4754-83AD-EB029338A53A}.Release|Any CPU.ActiveCfg = Release|Any CPU
		{F1359AA7-09DE-4754-83AD-EB029338A53A}.Release|Any CPU.Build.0 = Release|Any CPU
		{74A766C2-04DA-404C-8E52-3820DE52EB68}.Debug|Any CPU.ActiveCfg = Debug|Any CPU
		{74A766C2-04DA-404C-8E52-3820DE52EB68}.Debug|Any CPU.Build.0 = Debug|Any CPU
		{74A766C2-04DA-404C-8E52-3820DE52EB68}.Release|Any CPU.ActiveCfg = Release|Any CPU
		{74A766C2-04DA-404C-8E52-3820DE52EB68}.Release|Any CPU.Build.0 = Release|Any CPU
		{8009095D-C364-493C-91B2-5EF55D0F932B}.Debug|Any CPU.ActiveCfg = Debug|Any CPU
		{8009095D-C364-493C-91B2-5EF55D0F932B}.Debug|Any CPU.Build.0 = Debug|Any CPU
		{8009095D-C364-493C-91B2-5EF55D0F932B}.Release|Any CPU.ActiveCfg = Release|Any CPU
		{8009095D-C364-493C-91B2-5EF55D0F932B}.Release|Any CPU.Build.0 = Release|Any CPU
		{0860E911-7990-42A1-B8E6-0646C8A7ECAC}.Debug|Any CPU.ActiveCfg = Debug|Any CPU
		{0860E911-7990-42A1-B8E6-0646C8A7ECAC}.Debug|Any CPU.Build.0 = Debug|Any CPU
		{0860E911-7990-42A1-B8E6-0646C8A7ECAC}.Release|Any CPU.ActiveCfg = Release|Any CPU
		{0860E911-7990-42A1-B8E6-0646C8A7ECAC}.Release|Any CPU.Build.0 = Release|Any CPU
		{C6F5DA11-5B71-4921-9D3B-E8D798695893}.Debug|Any CPU.ActiveCfg = Debug|Any CPU
		{C6F5DA11-5B71-4921-9D3B-E8D798695893}.Debug|Any CPU.Build.0 = Debug|Any CPU
		{C6F5DA11-5B71-4921-9D3B-E8D798695893}.Release|Any CPU.ActiveCfg = Release|Any CPU
		{C6F5DA11-5B71-4921-9D3B-E8D798695893}.Release|Any CPU.Build.0 = Release|Any CPU
		{F65859E4-D919-4368-9D44-971AF390B45A}.Debug|Any CPU.ActiveCfg = Debug|Any CPU
		{F65859E4-D919-4368-9D44-971AF390B45A}.Debug|Any CPU.Build.0 = Debug|Any CPU
		{F65859E4-D919-4368-9D44-971AF390B45A}.Release|Any CPU.ActiveCfg = Release|Any CPU
		{F65859E4-D919-4368-9D44-971AF390B45A}.Release|Any CPU.Build.0 = Release|Any CPU
		{838C8BA3-D441-49F7-844B-E86156614344}.Debug|Any CPU.ActiveCfg = Debug|Any CPU
		{838C8BA3-D441-49F7-844B-E86156614344}.Debug|Any CPU.Build.0 = Debug|Any CPU
		{838C8BA3-D441-49F7-844B-E86156614344}.Release|Any CPU.ActiveCfg = Release|Any CPU
		{838C8BA3-D441-49F7-844B-E86156614344}.Release|Any CPU.Build.0 = Release|Any CPU
		{ADAAD959-5E62-45E3-AFDE-E836C73CCE3E}.Debug|Any CPU.ActiveCfg = Debug|Any CPU
		{ADAAD959-5E62-45E3-AFDE-E836C73CCE3E}.Debug|Any CPU.Build.0 = Debug|Any CPU
		{ADAAD959-5E62-45E3-AFDE-E836C73CCE3E}.Release|Any CPU.ActiveCfg = Release|Any CPU
		{ADAAD959-5E62-45E3-AFDE-E836C73CCE3E}.Release|Any CPU.Build.0 = Release|Any CPU
		{5FBBCCFA-0750-4A56-8B89-22D6641D6366}.Debug|Any CPU.ActiveCfg = Debug|Any CPU
		{5FBBCCFA-0750-4A56-8B89-22D6641D6366}.Debug|Any CPU.Build.0 = Debug|Any CPU
		{5FBBCCFA-0750-4A56-8B89-22D6641D6366}.Release|Any CPU.ActiveCfg = Release|Any CPU
		{5FBBCCFA-0750-4A56-8B89-22D6641D6366}.Release|Any CPU.Build.0 = Release|Any CPU
		{E4E8E474-E647-450B-8605-C27D064683B8}.Debug|Any CPU.ActiveCfg = Debug|Any CPU
		{E4E8E474-E647-450B-8605-C27D064683B8}.Debug|Any CPU.Build.0 = Debug|Any CPU
		{E4E8E474-E647-450B-8605-C27D064683B8}.Release|Any CPU.ActiveCfg = Release|Any CPU
		{E4E8E474-E647-450B-8605-C27D064683B8}.Release|Any CPU.Build.0 = Release|Any CPU
		{B00B56ED-DC39-4980-9C18-3667511F41CE}.Debug|Any CPU.ActiveCfg = Debug|Any CPU
		{B00B56ED-DC39-4980-9C18-3667511F41CE}.Debug|Any CPU.Build.0 = Debug|Any CPU
		{B00B56ED-DC39-4980-9C18-3667511F41CE}.Release|Any CPU.ActiveCfg = Release|Any CPU
		{B00B56ED-DC39-4980-9C18-3667511F41CE}.Release|Any CPU.Build.0 = Release|Any CPU
		{CE50321F-BB00-4418-886A-0E34F5A680F9}.Debug|Any CPU.ActiveCfg = Debug|Any CPU
		{CE50321F-BB00-4418-886A-0E34F5A680F9}.Debug|Any CPU.Build.0 = Debug|Any CPU
		{CE50321F-BB00-4418-886A-0E34F5A680F9}.Release|Any CPU.ActiveCfg = Release|Any CPU
		{CE50321F-BB00-4418-886A-0E34F5A680F9}.Release|Any CPU.Build.0 = Release|Any CPU
		{6AFF6B4A-0A46-418E-A921-011066331B19}.Debug|Any CPU.ActiveCfg = Debug|Any CPU
		{6AFF6B4A-0A46-418E-A921-011066331B19}.Debug|Any CPU.Build.0 = Debug|Any CPU
		{6AFF6B4A-0A46-418E-A921-011066331B19}.Release|Any CPU.ActiveCfg = Release|Any CPU
		{6AFF6B4A-0A46-418E-A921-011066331B19}.Release|Any CPU.Build.0 = Release|Any CPU
		{E4CF80A7-5152-439F-8B82-9097B1793AD3}.Debug|Any CPU.ActiveCfg = Debug|Any CPU
		{E4CF80A7-5152-439F-8B82-9097B1793AD3}.Debug|Any CPU.Build.0 = Debug|Any CPU
		{E4CF80A7-5152-439F-8B82-9097B1793AD3}.Release|Any CPU.ActiveCfg = Release|Any CPU
		{E4CF80A7-5152-439F-8B82-9097B1793AD3}.Release|Any CPU.Build.0 = Release|Any CPU
	EndGlobalSection
	GlobalSection(SolutionProperties) = preSolution
		HideSolutionNode = FALSE
	EndGlobalSection
	GlobalSection(NestedProjects) = preSolution
		{6E81B428-12DD-4E7C-A791-AD939E05E68F} = {8AB6F966-E7F0-4A42-9EBA-A4FBAB570CB1}
		{7E433BCD-F0AA-413C-89FD-9DC1A346F4D4} = {8AB6F966-E7F0-4A42-9EBA-A4FBAB570CB1}
		{FABF6339-C094-47C6-B74D-4411884DC5FD} = {8AB6F966-E7F0-4A42-9EBA-A4FBAB570CB1}
		{3904A51A-8C42-4A46-8F52-C04A07CD4561} = {8820CB67-E099-4835-8317-02D57453CEC3}
		{0A4E0FF0-47B3-443F-8FB0-BE5370DDA4FD} = {8820CB67-E099-4835-8317-02D57453CEC3}
		{FCF876D1-F2D8-42F3-9D1B-66A20277E279} = {8820CB67-E099-4835-8317-02D57453CEC3}
		{1BF41711-45CC-4B5D-B428-D9D753E29300} = {4F8779E3-2BEB-4EBE-9CAD-772046AA1F91}
		{F1359AA7-09DE-4754-83AD-EB029338A53A} = {4F8779E3-2BEB-4EBE-9CAD-772046AA1F91}
		{74A766C2-04DA-404C-8E52-3820DE52EB68} = {4F8779E3-2BEB-4EBE-9CAD-772046AA1F91}
		{8009095D-C364-493C-91B2-5EF55D0F932B} = {E91F5C9E-63B2-4B9B-A6AD-EFE03831DABD}
		{0860E911-7990-42A1-B8E6-0646C8A7ECAC} = {E91F5C9E-63B2-4B9B-A6AD-EFE03831DABD}
		{C6F5DA11-5B71-4921-9D3B-E8D798695893} = {E91F5C9E-63B2-4B9B-A6AD-EFE03831DABD}
		{F65859E4-D919-4368-9D44-971AF390B45A} = {670FD3B8-626E-4825-80FC-D5F63EA5B28D}
		{838C8BA3-D441-49F7-844B-E86156614344} = {670FD3B8-626E-4825-80FC-D5F63EA5B28D}
		{ADAAD959-5E62-45E3-AFDE-E836C73CCE3E} = {670FD3B8-626E-4825-80FC-D5F63EA5B28D}
		{5FBBCCFA-0750-4A56-8B89-22D6641D6366} = {75BC7048-AAD3-4B3D-8A2A-57CA7870AB0A}
		{E4E8E474-E647-450B-8605-C27D064683B8} = {75BC7048-AAD3-4B3D-8A2A-57CA7870AB0A}
		{B00B56ED-DC39-4980-9C18-3667511F41CE} = {75BC7048-AAD3-4B3D-8A2A-57CA7870AB0A}
		{CE50321F-BB00-4418-886A-0E34F5A680F9} = {EA189E9F-FED1-4BA6-AAC7-5F53DA08D478}
		{6AFF6B4A-0A46-418E-A921-011066331B19} = {EA189E9F-FED1-4BA6-AAC7-5F53DA08D478}
		{E4CF80A7-5152-439F-8B82-9097B1793AD3} = {EA189E9F-FED1-4BA6-AAC7-5F53DA08D478}
	EndGlobalSection
	GlobalSection(ExtensibilityGlobals) = postSolution
		SolutionGuid = {0E9F44F6-B1CF-40DD-ACCB-29044FDF99E4}
	EndGlobalSection
EndGlobal
